
Microsoft Visual Studio Solution File, Format Version 12.00
# Visual Studio Version 16
VisualStudioVersion = 16.0.30907.101
MinimumVisualStudioVersion = 10.0.40219.1
Project("{8BC9CEB8-8B4A-11D0-8D11-00A0C91BC942}") = "code_3.12", "code_3.12\code_3.12.vcxproj", "{B9168D1C-E148-40D6-A32F-27779065E94F}"
EndProject
Global
	GlobalSection(SolutionConfigurationPlatforms) = preSolution
		Debug|x64 = Debug|x64
		Debug|x86 = Debug|x86
		Release|x64 = Release|x64
		Release|x86 = Release|x86
	EndGlobalSection
	GlobalSection(ProjectConfigurationPlatforms) = postSolution
		{B9168D1C-E148-40D6-A32F-27779065E94F}.Debug|x64.ActiveCfg = Debug|x64
		{B9168D1C-E148-40D6-A32F-27779065E94F}.Debug|x64.Build.0 = Debug|x64
		{B9168D1C-E148-40D6-A32F-27779065E94F}.Debug|x86.ActiveCfg = Debug|Win32
		{B9168D1C-E148-40D6-A32F-27779065E94F}.Debug|x86.Build.0 = Debug|Win32
		{B9168D1C-E148-40D6-A32F-27779065E94F}.Release|x64.ActiveCfg = Release|x64
		{B9168D1C-E148-40D6-A32F-27779065E94F}.Release|x64.Build.0 = Release|x64
		{B9168D1C-E148-40D6-A32F-27779065E94F}.Release|x86.ActiveCfg = Release|Win32
		{B9168D1C-E148-40D6-A32F-27779065E94F}.Release|x86.Build.0 = Release|Win32
	EndGlobalSection
	GlobalSection(SolutionProperties) = preSolution
		HideSolutionNode = FALSE
	EndGlobalSection
	GlobalSection(ExtensibilityGlobals) = postSolution
		SolutionGuid = {E3E7D2C9-C2BE-4785-9135-06FE64996AC8}
	EndGlobalSection
EndGlobal
